
Microsoft Visual Studio Solution File, Format Version 12.00
# Visual Studio Version 17
VisualStudioVersion = 17.1.32127.271
MinimumVisualStudioVersion = 10.0.40219.1
Project("{FAE04EC0-301F-11D3-BF4B-00C04F79EFBC}") = "Advanced Shutdown", "Advanced Shutdown\Advanced Shutdown.csproj", "{FEB06EEB-5AEC-4EB6-AA44-805734E31543}"
EndProject
Global
	GlobalSection(SolutionConfigurationPlatforms) = preSolution
		Debug|Any CPU = Debug|Any CPU
		Release|Any CPU = Release|Any CPU
	EndGlobalSection
	GlobalSection(ProjectConfigurationPlatforms) = postSolution
		{FEB06EEB-5AEC-4EB6-AA44-805734E31543}.Debug|Any CPU.ActiveCfg = Debug|Any CPU
		{FEB06EEB-5AEC-4EB6-AA44-805734E31543}.Debug|Any CPU.Build.0 = Debug|Any CPU
		{FEB06EEB-5AEC-4EB6-AA44-805734E31543}.Release|Any CPU.ActiveCfg = Release|Any CPU
		{FEB06EEB-5AEC-4EB6-AA44-805734E31543}.Release|Any CPU.Build.0 = Release|Any CPU
	EndGlobalSection
	GlobalSection(SolutionProperties) = preSolution
		HideSolutionNode = FALSE
	EndGlobalSection
	GlobalSection(ExtensibilityGlobals) = postSolution
		SolutionGuid = {6CCD2520-B52E-4951-944C-F1F872F7BDE0}
	EndGlobalSection
EndGlobal
